
Microsoft Visual Studio Solution File, Format Version 12.00
# Visual Studio Version 17
VisualStudioVersion = 17.3.32819.101
MinimumVisualStudioVersion = 10.0.40219.1
Project("{9A19103F-16F7-4668-BE54-9A1E7A4F7556}") = "Twitter.API", "Twitter.API.csproj", "{506CFD73-F156-4963-8DB6-5B1CE305E74F}"
EndProject
Project("{9A19103F-16F7-4668-BE54-9A1E7A4F7556}") = "Twitter.Application", "..\Twitter.Application\Twitter.Application.csproj", "{30757243-A126-4280-92EA-45CBA62BB9E4}"
EndProject
Project("{9A19103F-16F7-4668-BE54-9A1E7A4F7556}") = "Twitter.Infrastructure", "..\Twitter.Infrastructure\Twitter.Infrastructure.csproj", "{53EC3AC9-ABFA-4E8E-B0C1-3B4BC9B48D26}"
EndProject
Project("{9A19103F-16F7-4668-BE54-9A1E7A4F7556}") = "Twitter.UnitTests", "..\Twitter.UnitTests\Twitter.UnitTests.csproj", "{F60753D4-144B-45A7-9667-BD08F892FC9A}"
EndProject
Project("{9A19103F-16F7-4668-BE54-9A1E7A4F7556}") = "Twitter.Domain", "..\Twitter.Domain\Twitter.Domain.csproj", "{70D722A4-F69F-4E45-AEB6-3775265542B0}"
EndProject
Global
	GlobalSection(SolutionConfigurationPlatforms) = preSolution
		Debug|Any CPU = Debug|Any CPU
		Release|Any CPU = Release|Any CPU
	EndGlobalSection
	GlobalSection(ProjectConfigurationPlatforms) = postSolution
		{506CFD73-F156-4963-8DB6-5B1CE305E74F}.Debug|Any CPU.ActiveCfg = Debug|Any CPU
		{506CFD73-F156-4963-8DB6-5B1CE305E74F}.Debug|Any CPU.Build.0 = Debug|Any CPU
		{506CFD73-F156-4963-8DB6-5B1CE305E74F}.Release|Any CPU.ActiveCfg = Release|Any CPU
		{506CFD73-F156-4963-8DB6-5B1CE305E74F}.Release|Any CPU.Build.0 = Release|Any CPU
		{30757243-A126-4280-92EA-45CBA62BB9E4}.Debug|Any CPU.ActiveCfg = Debug|Any CPU
		{30757243-A126-4280-92EA-45CBA62BB9E4}.Debug|Any CPU.Build.0 = Debug|Any CPU
		{30757243-A126-4280-92EA-45CBA62BB9E4}.Release|Any CPU.ActiveCfg = Release|Any CPU
		{30757243-A126-4280-92EA-45CBA62BB9E4}.Release|Any CPU.Build.0 = Release|Any CPU
		{53EC3AC9-ABFA-4E8E-B0C1-3B4BC9B48D26}.Debug|Any CPU.ActiveCfg = Debug|Any CPU
		{53EC3AC9-ABFA-4E8E-B0C1-3B4BC9B48D26}.Debug|Any CPU.Build.0 = Debug|Any CPU
		{53EC3AC9-ABFA-4E8E-B0C1-3B4BC9B48D26}.Release|Any CPU.ActiveCfg = Release|Any CPU
		{53EC3AC9-ABFA-4E8E-B0C1-3B4BC9B48D26}.Release|Any CPU.Build.0 = Release|Any CPU
		{F60753D4-144B-45A7-9667-BD08F892FC9A}.Debug|Any CPU.ActiveCfg = Debug|Any CPU
		{F60753D4-144B-45A7-9667-BD08F892FC9A}.Debug|Any CPU.Build.0 = Debug|Any CPU
		{F60753D4-144B-45A7-9667-BD08F892FC9A}.Release|Any CPU.ActiveCfg = Release|Any CPU
		{F60753D4-144B-45A7-9667-BD08F892FC9A}.Release|Any CPU.Build.0 = Release|Any CPU
		{70D722A4-F69F-4E45-AEB6-3775265542B0}.Debug|Any CPU.ActiveCfg = Debug|Any CPU
		{70D722A4-F69F-4E45-AEB6-3775265542B0}.Debug|Any CPU.Build.0 = Debug|Any CPU
		{70D722A4-F69F-4E45-AEB6-3775265542B0}.Release|Any CPU.ActiveCfg = Release|Any CPU
		{70D722A4-F69F-4E45-AEB6-3775265542B0}.Release|Any CPU.Build.0 = Release|Any CPU
	EndGlobalSection
	GlobalSection(SolutionProperties) = preSolution
		HideSolutionNode = FALSE
	EndGlobalSection
	GlobalSection(ExtensibilityGlobals) = postSolution
		SolutionGuid = {9536697A-8AA9-454A-A3CD-5825B0C747CF}
	EndGlobalSection
EndGlobal
